
Microsoft Visual Studio Solution File, Format Version 12.00
# Visual Studio Version 16
VisualStudioVersion = 16.0.31410.357
MinimumVisualStudioVersion = 10.0.40219.1
Project("{FAE04EC0-301F-11D3-BF4B-00C04F79EFBC}") = "Excersices2Udemy", "Excersices2Udemy\Excersices2Udemy.csproj", "{28ACE8F0-6A46-4614-BB41-7509D9858E87}"
EndProject
Global
	GlobalSection(SolutionConfigurationPlatforms) = preSolution
		Debug|Any CPU = Debug|Any CPU
		Release|Any CPU = Release|Any CPU
	EndGlobalSection
	GlobalSection(ProjectConfigurationPlatforms) = postSolution
		{28ACE8F0-6A46-4614-BB41-7509D9858E87}.Debug|Any CPU.ActiveCfg = Debug|Any CPU
		{28ACE8F0-6A46-4614-BB41-7509D9858E87}.Debug|Any CPU.Build.0 = Debug|Any CPU
		{28ACE8F0-6A46-4614-BB41-7509D9858E87}.Release|Any CPU.ActiveCfg = Release|Any CPU
		{28ACE8F0-6A46-4614-BB41-7509D9858E87}.Release|Any CPU.Build.0 = Release|Any CPU
	EndGlobalSection
	GlobalSection(SolutionProperties) = preSolution
		HideSolutionNode = FALSE
	EndGlobalSection
	GlobalSection(ExtensibilityGlobals) = postSolution
		SolutionGuid = {AAE87EF0-E892-4F54-9EE4-3F631543FDE8}
	EndGlobalSection
EndGlobal
